<?xml version="1.0" encoding="UTF-8" standalone="yes" ?>
<CodeBlocks_project_file>
	<FileVersion major="1" minor="6" />
	<Project>
		<Option title="vx_tutorial_win32" />
		<Option makefile_is_custom="1" />
		<Option execution_dir="D:/ked/ADAS/code/ti_components/algorithms_codecs/tiovx/" />
		<Option pch_mode="2" />
		<Option compiler="gcc" />
		<Build>
			<Target title="Debug">
				<Option output="../../../out/PC/X86/WINDOWS/debug/vx_tutorial_exe" prefix_auto="1" extension_auto="1" />
				<Option working_dir="../../../out/PC/X86/WINDOWS/debug" />
				<Option object_output="obj/Debug/" />
				<Option type="1" />
				<Option compiler="gcc" />
				<Compiler>
					<Add option="-g" />
				</Compiler>
				<MakeCommands>
					<Build command="gmake -s -j PROFILE=debug" />
					<CompileFile command="gmake -s -j PROFILE=debug" />
					<Clean command="gmake -s -j clean PROFILE=debug" />
					<DistClean command="$make -f $makefile distclean$target" />
					<AskRebuildNeeded command="" />
					<SilentBuild command="gmake -s -j PROFILE=debug &gt; $(CMD_NULL)" />
				</MakeCommands>
			</Target>
			<Target title="Release">
				<Option output="../../../out/PC/X86/WINDOWS/debug/vx_tutorial_exe" prefix_auto="1" extension_auto="1" />
				<Option working_dir="../../../out/PC/X86/WINDOWS/release" />
				<Option object_output="obj/Release/" />
				<Option type="1" />
				<Option compiler="gcc" />
				<Compiler>
					<Add option="-O2" />
				</Compiler>
				<Linker>
					<Add option="-s" />
				</Linker>
				<MakeCommands>
					<Build command="gmake -s -j PROFILE=release" />
					<CompileFile command="gmake -s -j PROFILE=release" />
					<Clean command="gmake -s -j clean PROFILE=release" />
					<DistClean command="$make -f $makefile distclean$target" />
					<AskRebuildNeeded command="" />
					<SilentBuild command="gmake -s -j PROFILE=release &gt; $(CMD_NULL)" />
				</MakeCommands>
			</Target>
		</Build>
		<Compiler>
			<Add option="-Wall" />
		</Compiler>
		<Unit filename="../../../Makefile" />
		<Unit filename="../../../include/TI/tivx.h" />
		<Unit filename="../../../include/TI/tivx_mem.h" />
		<Unit filename="../../../include/TI/tivx_obj_desc.h" />
		<Unit filename="../../../include/TI/tivx_target_kernel.h" />
		<Unit filename="../../../include/VX/vx.h" />
		<Unit filename="../../../include/VX/vx_api.h" />
		<Unit filename="../../../include/VX/vx_compatibility.h" />
		<Unit filename="../../../include/VX/vx_kernels.h" />
		<Unit filename="../../../include/VX/vx_nodes.h" />
		<Unit filename="../../../include/VX/vx_types.h" />
		<Unit filename="../../../include/VX/vx_vendors.h" />
		<Unit filename="../../../include/VX/vxu.h" />
		<Unit filename="../../../kernels/include/tivx_kernel_utils.h" />
		<Unit filename="../../../kernels/ivision/common/tivx_alg_vision.c">
			<Option compilerVar="CC" />
		</Unit>
		<Unit filename="../../../kernels/ivision/eve/vx_harris_corners_target.c">
			<Option compilerVar="CC" />
		</Unit>
		<Unit filename="../../../kernels/ivision/eve/vx_target_kernels_ivision.c">
			<Option compilerVar="CC" />
		</Unit>
		<Unit filename="../../../kernels/ivision/host/vx_harris_corners_host.c">
			<Option compilerVar="CC" />
		</Unit>
		<Unit filename="../../../kernels/ivision/host/vx_kerners_ivision_host.c">
			<Option compilerVar="CC" />
		</Unit>
		<Unit filename="../../../kernels/ivision/include/tivx_alg_ivision_if.h" />
		<Unit filename="../../../kernels/ivision/include/tivx_kernel_harris_corners.h" />
		<Unit filename="../../../kernels/openvx-core/c66x/bam/vx_bam_absdiff_target.c">
			<Option compilerVar="CC" />
		</Unit>
		<Unit filename="../../../kernels/openvx-core/c66x/bam/vx_bam_accumulate_square_target.c">
			<Option compilerVar="CC" />
		</Unit>
		<Unit filename="../../../kernels/openvx-core/c66x/bam/vx_bam_accumulate_target.c">
			<Option compilerVar="CC" />
		</Unit>
		<Unit filename="../../../kernels/openvx-core/c66x/bam/vx_bam_accumulate_weighted_target.c">
			<Option compilerVar="CC" />
		</Unit>
		<Unit filename="../../../kernels/openvx-core/c66x/bam/vx_bam_add_target.c">
			<Option compilerVar="CC" />
		</Unit>
		<Unit filename="../../../kernels/openvx-core/c66x/bam/vx_bam_bitwise_and_target.c">
			<Option compilerVar="CC" />
		</Unit>
		<Unit filename="../../../kernels/openvx-core/c66x/bam/vx_bam_bitwise_not_target.c">
			<Option compilerVar="CC" />
		</Unit>
		<Unit filename="../../../kernels/openvx-core/c66x/bam/vx_bam_bitwise_or_target.c">
			<Option compilerVar="CC" />
		</Unit>
		<Unit filename="../../../kernels/openvx-core/c66x/bam/vx_bam_bitwise_xor_target.c">
			<Option compilerVar="CC" />
		</Unit>
		<Unit filename="../../../kernels/openvx-core/c66x/bam/vx_bam_box3x3_target.c">
			<Option compilerVar="CC" />
		</Unit>
		<Unit filename="../../../kernels/openvx-core/c66x/bam/vx_bam_canny_target.c">
			<Option compilerVar="CC" />
		</Unit>
		<Unit filename="../../../kernels/openvx-core/c66x/bam/vx_bam_channel_extract_target.c">
			<Option compilerVar="CC" />
		</Unit>
		<Unit filename="../../../kernels/openvx-core/c66x/bam/vx_bam_convert_depth_target.c">
			<Option compilerVar="CC" />
		</Unit>
		<Unit filename="../../../kernels/openvx-core/c66x/bam/vx_bam_dilate3x3_target.c">
			<Option compilerVar="CC" />
		</Unit>
		<Unit filename="../../../kernels/openvx-core/c66x/bam/vx_bam_erode3x3_target.c">
			<Option compilerVar="CC" />
		</Unit>
		<Unit filename="../../../kernels/openvx-core/c66x/bam/vx_bam_gaussian3x3_target.c">
			<Option compilerVar="CC" />
		</Unit>
		<Unit filename="../../../kernels/openvx-core/c66x/bam/vx_bam_harris_corners_target.c">
			<Option compilerVar="CC" />
		</Unit>
		<Unit filename="../../../kernels/openvx-core/c66x/bam/vx_bam_histogram_target.c">
			<Option compilerVar="CC" />
		</Unit>
		<Unit filename="../../../kernels/openvx-core/c66x/bam/vx_bam_intgimg_target.c">
			<Option compilerVar="CC" />
		</Unit>
		<Unit filename="../../../kernels/openvx-core/c66x/bam/vx_bam_kernel_database.c">
			<Option compilerVar="CC" />
		</Unit>
		<Unit filename="../../../kernels/openvx-core/c66x/bam/vx_bam_kernel_database.h" />
		<Unit filename="../../../kernels/openvx-core/c66x/bam/vx_bam_kernel_wrapper.c">
			<Option compilerVar="CC" />
		</Unit>
		<Unit filename="../../../kernels/openvx-core/c66x/bam/vx_bam_kernel_wrapper.h" />
		<Unit filename="../../../kernels/openvx-core/c66x/bam/vx_bam_lut_target.c">
			<Option compilerVar="CC" />
		</Unit>
		<Unit filename="../../../kernels/openvx-core/c66x/bam/vx_bam_magnitude_target.c">
			<Option compilerVar="CC" />
		</Unit>
		<Unit filename="../../../kernels/openvx-core/c66x/bam/vx_bam_median3x3_target.c">
			<Option compilerVar="CC" />
		</Unit>
		<Unit filename="../../../kernels/openvx-core/c66x/bam/vx_bam_minmaxloc_target.c">
			<Option compilerVar="CC" />
		</Unit>
		<Unit filename="../../../kernels/openvx-core/c66x/bam/vx_bam_multiply_target.c">
			<Option compilerVar="CC" />
		</Unit>
		<Unit filename="../../../kernels/openvx-core/c66x/bam/vx_bam_sobel3x3_target.c">
			<Option compilerVar="CC" />
		</Unit>
		<Unit filename="../../../kernels/openvx-core/c66x/bam/vx_bam_subtract_target.c">
			<Option compilerVar="CC" />
		</Unit>
		<Unit filename="../../../kernels/openvx-core/c66x/bam/vx_bam_threshold_target.c">
			<Option compilerVar="CC" />
		</Unit>
		<Unit filename="../../../kernels/openvx-core/c66x/tivx_target_kernels_priv.h" />
		<Unit filename="../../../kernels/openvx-core/c66x/vx_absdiff_target.c">
			<Option compilerVar="CC" />
		</Unit>
		<Unit filename="../../../kernels/openvx-core/c66x/vx_accumulate_square_target.c">
			<Option compilerVar="CC" />
		</Unit>
		<Unit filename="../../../kernels/openvx-core/c66x/vx_accumulate_target.c">
			<Option compilerVar="CC" />
		</Unit>
		<Unit filename="../../../kernels/openvx-core/c66x/vx_accumulate_weighted_target.c">
			<Option compilerVar="CC" />
		</Unit>
		<Unit filename="../../../kernels/openvx-core/c66x/vx_addsub_target.c">
			<Option compilerVar="CC" />
		</Unit>
		<Unit filename="../../../kernels/openvx-core/c66x/vx_bitwise_target.c">
			<Option compilerVar="CC" />
		</Unit>
		<Unit filename="../../../kernels/openvx-core/c66x/vx_canny_target.c">
			<Option compilerVar="CC" />
		</Unit>
		<Unit filename="../../../kernels/openvx-core/c66x/vx_channel_combine_target.c">
			<Option compilerVar="CC" />
		</Unit>
		<Unit filename="../../../kernels/openvx-core/c66x/vx_channel_extract_target.c">
			<Option compilerVar="CC" />
		</Unit>
		<Unit filename="../../../kernels/openvx-core/c66x/vx_color_convert_target.c">
			<Option compilerVar="CC" />
		</Unit>
		<Unit filename="../../../kernels/openvx-core/c66x/vx_convert_depth_target.c">
			<Option compilerVar="CC" />
		</Unit>
		<Unit filename="../../../kernels/openvx-core/c66x/vx_convole_target.c">
			<Option compilerVar="CC" />
		</Unit>
		<Unit filename="../../../kernels/openvx-core/c66x/vx_equalize_histogram_target.c">
			<Option compilerVar="CC" />
		</Unit>
		<Unit filename="../../../kernels/openvx-core/c66x/vx_fast_corners_target.c">
			<Option compilerVar="CC" />
		</Unit>
		<Unit filename="../../../kernels/openvx-core/c66x/vx_filter_3x3_target.c">
			<Option compilerVar="CC" />
		</Unit>
		<Unit filename="../../../kernels/openvx-core/c66x/vx_gaussian_pyramid_target.c">
			<Option compilerVar="CC" />
		</Unit>
		<Unit filename="../../../kernels/openvx-core/c66x/vx_halfscale_gaussian_target.c">
			<Option compilerVar="CC" />
		</Unit>
		<Unit filename="../../../kernels/openvx-core/c66x/vx_harris_corners_target.c">
			<Option compilerVar="CC" />
		</Unit>
		<Unit filename="../../../kernels/openvx-core/c66x/vx_histogram_target.c">
			<Option compilerVar="CC" />
		</Unit>
		<Unit filename="../../../kernels/openvx-core/c66x/vx_intgimg_target.c">
			<Option compilerVar="CC" />
		</Unit>
		<Unit filename="../../../kernels/openvx-core/c66x/vx_laplacian_pyramid_target.c">
			<Option compilerVar="CC" />
		</Unit>
		<Unit filename="../../../kernels/openvx-core/c66x/vx_laplacian_reconstruct_target.c">
			<Option compilerVar="CC" />
		</Unit>
		<Unit filename="../../../kernels/openvx-core/c66x/vx_lut_target.c">
			<Option compilerVar="CC" />
		</Unit>
		<Unit filename="../../../kernels/openvx-core/c66x/vx_magnitude_target.c">
			<Option compilerVar="CC" />
		</Unit>
		<Unit filename="../../../kernels/openvx-core/c66x/vx_meanstddev_target.c">
			<Option compilerVar="CC" />
		</Unit>
		<Unit filename="../../../kernels/openvx-core/c66x/vx_minmaxloc_target.c">
			<Option compilerVar="CC" />
		</Unit>
		<Unit filename="../../../kernels/openvx-core/c66x/vx_multiply_target.c">
			<Option compilerVar="CC" />
		</Unit>
		<Unit filename="../../../kernels/openvx-core/c66x/vx_non_linear_filter_target.c">
			<Option compilerVar="CC" />
		</Unit>
		<Unit filename="../../../kernels/openvx-core/c66x/vx_optical_flow_pyr_lk_target.c">
			<Option compilerVar="CC" />
		</Unit>
		<Unit filename="../../../kernels/openvx-core/c66x/vx_phase_target.c">
			<Option compilerVar="CC" />
		</Unit>
		<Unit filename="../../../kernels/openvx-core/c66x/vx_remap_target.c">
			<Option compilerVar="CC" />
		</Unit>
		<Unit filename="../../../kernels/openvx-core/c66x/vx_scale_target.c">
			<Option compilerVar="CC" />
		</Unit>
		<Unit filename="../../../kernels/openvx-core/c66x/vx_sobel3x3_target.c">
			<Option compilerVar="CC" />
		</Unit>
		<Unit filename="../../../kernels/openvx-core/c66x/vx_target_kernels_openvx_core.c">
			<Option compilerVar="CC" />
		</Unit>
		<Unit filename="../../../kernels/openvx-core/c66x/vx_threshold_target.c">
			<Option compilerVar="CC" />
		</Unit>
		<Unit filename="../../../kernels/openvx-core/c66x/vx_warp_affine_target.c">
			<Option compilerVar="CC" />
		</Unit>
		<Unit filename="../../../kernels/openvx-core/c66x/vx_warp_perspective_target.c">
			<Option compilerVar="CC" />
		</Unit>
		<Unit filename="../../../kernels/openvx-core/host/vx_absdiff_host.c">
			<Option compilerVar="CC" />
		</Unit>
		<Unit filename="../../../kernels/openvx-core/host/vx_accumulate_host.c">
			<Option compilerVar="CC" />
		</Unit>
		<Unit filename="../../../kernels/openvx-core/host/vx_accumulate_square_host.c">
			<Option compilerVar="CC" />
		</Unit>
		<Unit filename="../../../kernels/openvx-core/host/vx_accumulate_weighted_host.c">
			<Option compilerVar="CC" />
		</Unit>
		<Unit filename="../../../kernels/openvx-core/host/vx_addsub_host.c">
			<Option compilerVar="CC" />
		</Unit>
		<Unit filename="../../../kernels/openvx-core/host/vx_bitwise_host.c">
			<Option compilerVar="CC" />
		</Unit>
		<Unit filename="../../../kernels/openvx-core/host/vx_canny_host.c">
			<Option compilerVar="CC" />
		</Unit>
		<Unit filename="../../../kernels/openvx-core/host/vx_channel_combine_host.c">
			<Option compilerVar="CC" />
		</Unit>
		<Unit filename="../../../kernels/openvx-core/host/vx_channel_extract_host.c">
			<Option compilerVar="CC" />
		</Unit>
		<Unit filename="../../../kernels/openvx-core/host/vx_color_convert_host.c">
			<Option compilerVar="CC" />
		</Unit>
		<Unit filename="../../../kernels/openvx-core/host/vx_convert_depth_host.c">
			<Option compilerVar="CC" />
		</Unit>
		<Unit filename="../../../kernels/openvx-core/host/vx_convolve_host.c">
			<Option compilerVar="CC" />
		</Unit>
		<Unit filename="../../../kernels/openvx-core/host/vx_equalize_histogram_host.c">
			<Option compilerVar="CC" />
		</Unit>
		<Unit filename="../../../kernels/openvx-core/host/vx_fast_corners_host.c">
			<Option compilerVar="CC" />
		</Unit>
		<Unit filename="../../../kernels/openvx-core/host/vx_filter_3x3_host.c">
			<Option compilerVar="CC" />
		</Unit>
		<Unit filename="../../../kernels/openvx-core/host/vx_gaussian_pyramid_host.c">
			<Option compilerVar="CC" />
		</Unit>
		<Unit filename="../../../kernels/openvx-core/host/vx_halfscale_gaussian_host.c">
			<Option compilerVar="CC" />
		</Unit>
		<Unit filename="../../../kernels/openvx-core/host/vx_harris_corners_host.c">
			<Option compilerVar="CC" />
		</Unit>
		<Unit filename="../../../kernels/openvx-core/host/vx_histogram_host.c">
			<Option compilerVar="CC" />
		</Unit>
		<Unit filename="../../../kernels/openvx-core/host/vx_intgimg_host.c">
			<Option compilerVar="CC" />
		</Unit>
		<Unit filename="../../../kernels/openvx-core/host/vx_kernel_common.c">
			<Option compilerVar="CC" />
		</Unit>
		<Unit filename="../../../kernels/openvx-core/host/vx_kernels_openvx_core_host.c">
			<Option compilerVar="CC" />
		</Unit>
		<Unit filename="../../../kernels/openvx-core/host/vx_laplacian_pyramid_host.c">
			<Option compilerVar="CC" />
		</Unit>
		<Unit filename="../../../kernels/openvx-core/host/vx_laplacian_reconstruct_host.c">
			<Option compilerVar="CC" />
		</Unit>
		<Unit filename="../../../kernels/openvx-core/host/vx_lut_host.c">
			<Option compilerVar="CC" />
		</Unit>
		<Unit filename="../../../kernels/openvx-core/host/vx_magnitude_host.c">
			<Option compilerVar="CC" />
		</Unit>
		<Unit filename="../../../kernels/openvx-core/host/vx_meanstddev_host.c">
			<Option compilerVar="CC" />
		</Unit>
		<Unit filename="../../../kernels/openvx-core/host/vx_minmaxloc_host.c">
			<Option compilerVar="CC" />
		</Unit>
		<Unit filename="../../../kernels/openvx-core/host/vx_multiply_host.c">
			<Option compilerVar="CC" />
		</Unit>
		<Unit filename="../../../kernels/openvx-core/host/vx_non_linear_filter_host.c">
			<Option compilerVar="CC" />
		</Unit>
		<Unit filename="../../../kernels/openvx-core/host/vx_optical_flow_pyr_lk_host.c">
			<Option compilerVar="CC" />
		</Unit>
		<Unit filename="../../../kernels/openvx-core/host/vx_phase_host.c">
			<Option compilerVar="CC" />
		</Unit>
		<Unit filename="../../../kernels/openvx-core/host/vx_remap_host.c">
			<Option compilerVar="CC" />
		</Unit>
		<Unit filename="../../../kernels/openvx-core/host/vx_scale_host.c">
			<Option compilerVar="CC" />
		</Unit>
		<Unit filename="../../../kernels/openvx-core/host/vx_sobel3x3_host.c">
			<Option compilerVar="CC" />
		</Unit>
		<Unit filename="../../../kernels/openvx-core/host/vx_threshold_host.c">
			<Option compilerVar="CC" />
		</Unit>
		<Unit filename="../../../kernels/openvx-core/host/vx_warp_affine_host.c">
			<Option compilerVar="CC" />
		</Unit>
		<Unit filename="../../../kernels/openvx-core/host/vx_warp_perspective_host.c">
			<Option compilerVar="CC" />
		</Unit>
		<Unit filename="../../../kernels/openvx-core/include/tivx_kernel_absdiff.h" />
		<Unit filename="../../../kernels/openvx-core/include/tivx_kernel_accumulate.h" />
		<Unit filename="../../../kernels/openvx-core/include/tivx_kernel_accumulate_square.h" />
		<Unit filename="../../../kernels/openvx-core/include/tivx_kernel_accumulate_weighted.h" />
		<Unit filename="../../../kernels/openvx-core/include/tivx_kernel_addsub.h" />
		<Unit filename="../../../kernels/openvx-core/include/tivx_kernel_bitwise.h" />
		<Unit filename="../../../kernels/openvx-core/include/tivx_kernel_canny.h" />
		<Unit filename="../../../kernels/openvx-core/include/tivx_kernel_channel_combine.h" />
		<Unit filename="../../../kernels/openvx-core/include/tivx_kernel_channel_extract.h" />
		<Unit filename="../../../kernels/openvx-core/include/tivx_kernel_color_convert.h" />
		<Unit filename="../../../kernels/openvx-core/include/tivx_kernel_common.h" />
		<Unit filename="../../../kernels/openvx-core/include/tivx_kernel_convert_depth.h" />
		<Unit filename="../../../kernels/openvx-core/include/tivx_kernel_convolve.h" />
		<Unit filename="../../../kernels/openvx-core/include/tivx_kernel_equalize_histogram.h" />
		<Unit filename="../../../kernels/openvx-core/include/tivx_kernel_fast_corners.h" />
		<Unit filename="../../../kernels/openvx-core/include/tivx_kernel_filter_3x3.h" />
		<Unit filename="../../../kernels/openvx-core/include/tivx_kernel_gaussian_pyramid.h" />
		<Unit filename="../../../kernels/openvx-core/include/tivx_kernel_halfscale_gaussian.h" />
		<Unit filename="../../../kernels/openvx-core/include/tivx_kernel_harris_corners.h" />
		<Unit filename="../../../kernels/openvx-core/include/tivx_kernel_histogram.h" />
		<Unit filename="../../../kernels/openvx-core/include/tivx_kernel_intgimg.h" />
		<Unit filename="../../../kernels/openvx-core/include/tivx_kernel_laplacian_pyramid.h" />
		<Unit filename="../../../kernels/openvx-core/include/tivx_kernel_laplacian_reconstruct.h" />
		<Unit filename="../../../kernels/openvx-core/include/tivx_kernel_lut.h" />
		<Unit filename="../../../kernels/openvx-core/include/tivx_kernel_magnitude.h" />
		<Unit filename="../../../kernels/openvx-core/include/tivx_kernel_meanstddev.h" />
		<Unit filename="../../../kernels/openvx-core/include/tivx_kernel_minmaxloc.h" />
		<Unit filename="../../../kernels/openvx-core/include/tivx_kernel_multiply.h" />
		<Unit filename="../../../kernels/openvx-core/include/tivx_kernel_non_linear_filter.h" />
		<Unit filename="../../../kernels/openvx-core/include/tivx_kernel_optical_flow_pyr_lk.h" />
		<Unit filename="../../../kernels/openvx-core/include/tivx_kernel_phase.h" />
		<Unit filename="../../../kernels/openvx-core/include/tivx_kernel_remap.h" />
		<Unit filename="../../../kernels/openvx-core/include/tivx_kernel_scale.h" />
		<Unit filename="../../../kernels/openvx-core/include/tivx_kernel_sobel3x3.h" />
		<Unit filename="../../../kernels/openvx-core/include/tivx_kernel_threshold.h" />
		<Unit filename="../../../kernels/openvx-core/include/tivx_kernel_utils.h" />
		<Unit filename="../../../kernels/openvx-core/include/tivx_kernel_warp_affine.h" />
		<Unit filename="../../../kernels/openvx-core/include/tivx_kernel_warp_perspective.h" />
		<Unit filename="../../../kernels/openvx-core/include/tivx_openvx_core_kernels.h" />
		<Unit filename="../../../source/framework/tivx_host.c">
			<Option compilerVar="CC" />
		</Unit>
		<Unit filename="../../../source/framework/tivx_ivision_node_api.c">
			<Option compilerVar="CC" />
		</Unit>
		<Unit filename="../../../source/framework/vx_array.c">
			<Option compilerVar="CC" />
		</Unit>
		<Unit filename="../../../source/framework/vx_context.c">
			<Option compilerVar="CC" />
		</Unit>
		<Unit filename="../../../source/framework/vx_convolution.c">
			<Option compilerVar="CC" />
		</Unit>
		<Unit filename="../../../source/framework/vx_debug.c">
			<Option compilerVar="CC" />
		</Unit>
		<Unit filename="../../../source/framework/vx_delay.c">
			<Option compilerVar="CC" />
		</Unit>
		<Unit filename="../../../source/framework/vx_distribution.c">
			<Option compilerVar="CC" />
		</Unit>
		<Unit filename="../../../source/framework/vx_error.c">
			<Option compilerVar="CC" />
		</Unit>
		<Unit filename="../../../source/framework/vx_exemplar.c">
			<Option compilerVar="CC" />
		</Unit>
		<Unit filename="../../../source/framework/vx_graph.c">
			<Option compilerVar="CC" />
		</Unit>
		<Unit filename="../../../source/framework/vx_graph_sort.c">
			<Option compilerVar="CC" />
		</Unit>
		<Unit filename="../../../source/framework/vx_graph_verify.c">
			<Option compilerVar="CC" />
		</Unit>
		<Unit filename="../../../source/framework/vx_image.c">
			<Option compilerVar="CC" />
		</Unit>
		<Unit filename="../../../source/framework/vx_kernel.c">
			<Option compilerVar="CC" />
		</Unit>
		<Unit filename="../../../source/framework/vx_log.c">
			<Option compilerVar="CC" />
		</Unit>
		<Unit filename="../../../source/framework/vx_lut.c">
			<Option compilerVar="CC" />
		</Unit>
		<Unit filename="../../../source/framework/vx_matrix.c">
			<Option compilerVar="CC" />
		</Unit>
		<Unit filename="../../../source/framework/vx_meta_format.c">
			<Option compilerVar="CC" />
		</Unit>
		<Unit filename="../../../source/framework/vx_module.c">
			<Option compilerVar="CC" />
		</Unit>
		<Unit filename="../../../source/framework/vx_node.c">
			<Option compilerVar="CC" />
		</Unit>
		<Unit filename="../../../source/framework/vx_node_api.c">
			<Option compilerVar="CC" />
		</Unit>
		<Unit filename="../../../source/framework/vx_obj_desc.c">
			<Option compilerVar="CC" />
		</Unit>
		<Unit filename="../../../source/framework/vx_objarray.c">
			<Option compilerVar="CC" />
		</Unit>
		<Unit filename="../../../source/framework/vx_objects.c">
			<Option compilerVar="CC" />
		</Unit>
		<Unit filename="../../../source/framework/vx_parameter.c">
			<Option compilerVar="CC" />
		</Unit>
		<Unit filename="../../../source/framework/vx_pyramid.c">
			<Option compilerVar="CC" />
		</Unit>
		<Unit filename="../../../source/framework/vx_reference.c">
			<Option compilerVar="CC" />
		</Unit>
		<Unit filename="../../../source/framework/vx_remap.c">
			<Option compilerVar="CC" />
		</Unit>
		<Unit filename="../../../source/framework/vx_scalar.c">
			<Option compilerVar="CC" />
		</Unit>
		<Unit filename="../../../source/framework/vx_target.c">
			<Option compilerVar="CC" />
		</Unit>
		<Unit filename="../../../source/framework/vx_target_kernel.c">
			<Option compilerVar="CC" />
		</Unit>
		<Unit filename="../../../source/framework/vx_target_kernel_instance.c">
			<Option compilerVar="CC" />
		</Unit>
		<Unit filename="../../../source/framework/vx_threshold.c">
			<Option compilerVar="CC" />
		</Unit>
		<Unit filename="../../../source/include/tivx_event.h" />
		<Unit filename="../../../source/include/tivx_host.h" />
		<Unit filename="../../../source/include/tivx_ipc.h" />
		<Unit filename="../../../source/include/tivx_mutex.h" />
		<Unit filename="../../../source/include/tivx_obj_desc_priv.h" />
		<Unit filename="../../../source/include/tivx_objects.h" />
		<Unit filename="../../../source/include/tivx_platform.h" />
		<Unit filename="../../../source/include/tivx_queue.h" />
		<Unit filename="../../../source/include/tivx_target.h" />
		<Unit filename="../../../source/include/tivx_target_kernel_instance.h" />
		<Unit filename="../../../source/include/tivx_target_kernel_priv.h" />
		<Unit filename="../../../source/include/tivx_task.h" />
		<Unit filename="../../../source/include/vx_array.h" />
		<Unit filename="../../../source/include/vx_context.h" />
		<Unit filename="../../../source/include/vx_convolution.h" />
		<Unit filename="../../../source/include/vx_delay.h" />
		<Unit filename="../../../source/include/vx_distribution.h" />
		<Unit filename="../../../source/include/vx_error.h" />
		<Unit filename="../../../source/include/vx_graph.h" />
		<Unit filename="../../../source/include/vx_image.h" />
		<Unit filename="../../../source/include/vx_internal.h" />
		<Unit filename="../../../source/include/vx_kernel.h" />
		<Unit filename="../../../source/include/vx_lut.h" />
		<Unit filename="../../../source/include/vx_matrix.h" />
		<Unit filename="../../../source/include/vx_meta_format.h" />
		<Unit filename="../../../source/include/vx_module.h" />
		<Unit filename="../../../source/include/vx_node.h" />
		<Unit filename="../../../source/include/vx_objarray.h" />
		<Unit filename="../../../source/include/vx_parameter.h" />
		<Unit filename="../../../source/include/vx_pyramid.h" />
		<Unit filename="../../../source/include/vx_reference.h" />
		<Unit filename="../../../source/include/vx_remap.h" />
		<Unit filename="../../../source/include/vx_scalar.h" />
		<Unit filename="../../../source/include/vx_threshold.h" />
		<Unit filename="../../../source/platform/os/linux/tivx_event.c">
			<Option compilerVar="CC" />
		</Unit>
		<Unit filename="../../../source/platform/os/linux/tivx_mutex.c">
			<Option compilerVar="CC" />
		</Unit>
		<Unit filename="../../../source/platform/os/linux/tivx_queue.c">
			<Option compilerVar="CC" />
		</Unit>
		<Unit filename="../../../source/platform/os/linux/tivx_task.c">
			<Option compilerVar="CC" />
		</Unit>
		<Unit filename="../../../source/platform/os/win32/tivx_event.c">
			<Option compilerVar="CC" />
		</Unit>
		<Unit filename="../../../source/platform/os/win32/tivx_mutex.c">
			<Option compilerVar="CC" />
		</Unit>
		<Unit filename="../../../source/platform/os/win32/tivx_queue.c">
			<Option compilerVar="CC" />
		</Unit>
		<Unit filename="../../../source/platform/os/win32/tivx_task.c">
			<Option compilerVar="CC" />
		</Unit>
		<Unit filename="../../../source/platform/pc/common/tivx_init.c">
			<Option compilerVar="CC" />
		</Unit>
		<Unit filename="../../../source/platform/pc/common/tivx_ipc.c">
			<Option compilerVar="CC" />
		</Unit>
		<Unit filename="../../../source/platform/pc/common/tivx_mem.c">
			<Option compilerVar="CC" />
		</Unit>
		<Unit filename="../../../source/platform/pc/common/tivx_platform_common.c">
			<Option compilerVar="CC" />
		</Unit>
		<Unit filename="../../../source/platform/pc/common/tivx_platform_pc.h" />
		<Unit filename="../../../source/platform/pc/common/tivx_target_config_pc.c">
			<Option compilerVar="CC" />
		</Unit>
		<Unit filename="../../../source/platform/pc/linux/tivx_platform.c">
			<Option compilerVar="CC" />
		</Unit>
		<Unit filename="../../../source/platform/pc/windows/tivx_platform.c">
			<Option compilerVar="CC" />
		</Unit>
		<Unit filename="../../../source/platform/vision_sdk/bios/tivx_event.c">
			<Option compilerVar="CC" />
		</Unit>
		<Unit filename="../../../source/platform/vision_sdk/bios/tivx_init.c">
			<Option compilerVar="CC" />
		</Unit>
		<Unit filename="../../../source/platform/vision_sdk/bios/tivx_ipc.c">
			<Option compilerVar="CC" />
		</Unit>
		<Unit filename="../../../source/platform/vision_sdk/bios/tivx_mem.c">
			<Option compilerVar="CC" />
		</Unit>
		<Unit filename="../../../source/platform/vision_sdk/bios/tivx_mutex.c">
			<Option compilerVar="CC" />
		</Unit>
		<Unit filename="../../../source/platform/vision_sdk/bios/tivx_platform.c">
			<Option compilerVar="CC" />
		</Unit>
		<Unit filename="../../../source/platform/vision_sdk/bios/tivx_platform_common.c">
			<Option compilerVar="CC" />
		</Unit>
		<Unit filename="../../../source/platform/vision_sdk/bios/tivx_queue.c">
			<Option compilerVar="CC" />
		</Unit>
		<Unit filename="../../../source/platform/vision_sdk/bios/tivx_target_config_a15.c">
			<Option compilerVar="CC" />
		</Unit>
		<Unit filename="../../../source/platform/vision_sdk/bios/tivx_target_config_dsp_eve.c">
			<Option compilerVar="CC" />
		</Unit>
		<Unit filename="../../../source/platform/vision_sdk/bios/tivx_target_config_ipu1_0.c">
			<Option compilerVar="CC" />
		</Unit>
		<Unit filename="../../../source/platform/vision_sdk/bios/tivx_target_config_ipu1_1.c">
			<Option compilerVar="CC" />
		</Unit>
		<Unit filename="../../../source/platform/vision_sdk/bios/tivx_task.c">
			<Option compilerVar="CC" />
		</Unit>
		<Unit filename="../../../source/platform/vision_sdk/common/tivx_platform_vision_sdk.h" />
		<Unit filename="../../../source/platform/vision_sdk/linux/tivx_init.c">
			<Option compilerVar="CC" />
		</Unit>
		<Unit filename="../../../source/platform/vision_sdk/linux/tivx_ipc.c">
			<Option compilerVar="CC" />
		</Unit>
		<Unit filename="../../../source/platform/vision_sdk/linux/tivx_mem.c">
			<Option compilerVar="CC" />
		</Unit>
		<Unit filename="../../../source/platform/vision_sdk/linux/tivx_platform_common.c">
			<Option compilerVar="CC" />
		</Unit>
		<Unit filename="../../../source/platform/vision_sdk/linux/tivx_platform_priv.h" />
		<Unit filename="../../../source/platform/vision_sdk/linux/tivx_target_config_a15.c">
			<Option compilerVar="CC" />
		</Unit>
		<Unit filename="../../../source/vxu/vx_utility.c">
			<Option compilerVar="CC" />
		</Unit>
		<Unit filename="../../ch01_common/bmp_rd_wr.c">
			<Option compilerVar="CC" />
		</Unit>
		<Unit filename="../../ch01_common/bmp_rd_wr.h" />
		<Unit filename="../../ch01_common/utility.h" />
		<Unit filename="../../ch01_common/vx_tutorial.c">
			<Option compilerVar="CC" />
		</Unit>
		<Unit filename="../../ch01_common/vx_tutorial.h" />
		<Unit filename="../../ch01_common/vx_tutorials.h" />
		<Unit filename="../../ch02_image/utility.h" />
		<Unit filename="../../ch02_image/vx_tutorial_image.c">
			<Option compilerVar="CC" />
		</Unit>
		<Unit filename="../../ch02_image/vx_tutorial_image.h" />
		<Unit filename="../../ch02_image/vx_tutorial_image_color_convert.c">
			<Option compilerVar="CC" />
		</Unit>
		<Unit filename="../../ch02_image/vx_tutorial_image_crop_roi.c">
			<Option compilerVar="CC" />
		</Unit>
		<Unit filename="../../ch02_image/vx_tutorial_image_extract_channel.c">
			<Option compilerVar="CC" />
		</Unit>
		<Unit filename="../../ch02_image/vx_tutorial_image_histogram.c">
			<Option compilerVar="CC" />
		</Unit>
		<Unit filename="../../ch02_image/vx_tutorial_image_load_save.c">
			<Option compilerVar="CC" />
		</Unit>
		<Unit filename="../../ch02_image/vx_tutorial_image_query.c">
			<Option compilerVar="CC" />
		</Unit>
		<Unit filename="../../ch02_image/vx_tutorials_image.h" />
		<Unit filename="../../ch03_graph/phase_rgb_user_kernel.c">
			<Option compilerVar="CC" />
		</Unit>
		<Unit filename="../../ch03_graph/phase_rgb_user_kernel.h" />
		<Unit filename="../../ch03_graph/vx_tutorial_graph.c">
			<Option compilerVar="CC" />
		</Unit>
		<Unit filename="../../ch03_graph/vx_tutorial_graph.h" />
		<Unit filename="../../ch03_graph/vx_tutorial_graph_image_gradients.c">
			<Option compilerVar="CC" />
		</Unit>
		<Unit filename="../../ch03_graph/vx_tutorial_graph_image_gradients_pytiovx.c">
			<Option compilerVar="CC" />
		</Unit>
		<Unit filename="../../ch03_graph/vx_tutorial_graph_image_gradients_pytiovx_uc.c">
			<Option compilerVar="CC" />
		</Unit>
		<Unit filename="../../ch03_graph/vx_tutorial_graph_image_gradients_pytiovx_uc.h" />
		<Unit filename="../../ch03_graph/vx_tutorial_graph_user_kernel.c">
			<Option compilerVar="CC" />
		</Unit>
		<Unit filename="../../ch03_graph/vx_tutorial_graph_user_kernel_pytiovx.c">
			<Option compilerVar="CC" />
		</Unit>
		<Unit filename="../../ch03_graph/vx_tutorial_graph_user_kernel_pytiovx_uc.c">
			<Option compilerVar="CC" />
		</Unit>
		<Unit filename="../../ch03_graph/vx_tutorial_graph_user_kernel_pytiovx_uc.h" />
		<Unit filename="../../ch03_graph/vx_tutorials_graph.h" />
		<Unit filename="../../ch04_target_kernel/vx_tutorial_target_kernel.c">
			<Option compilerVar="CC" />
		</Unit>
		<Unit filename="../../ch04_target_kernel/vx_tutorial_target_kernel.h" />
		<Unit filename="../../ch04_target_kernel/vx_tutorials_target_kernel.h" />
		<Unit filename="../../test_conformance/shared_functions.h" />
		<Unit filename="../../test_conformance/test_main.h" />
		<Unit filename="../../test_conformance/test_module/vx_lib_testmodule.h" />
		<Unit filename="../../test_engine/test.h" />
		<Unit filename="../../test_engine/test_bmp.h" />
		<Unit filename="../../test_engine/test_image.h" />
		<Unit filename="../../test_engine/test_list_helper.h" />
		<Unit filename="../../test_engine/test_utils.h" />
		<Unit filename="../../test_tiovx/shared_functions.h" />
		<Unit filename="../../test_tiovx/test_main.h" />
		<Unit filename="../../test_tiovx/test_tiovx.h" />
		<Unit filename="../main.c">
			<Option compilerVar="CC" />
		</Unit>
		<Extensions>
			<code_completion />
			<envvars />
			<debugger />
		</Extensions>
	</Project>
</CodeBlocks_project_file>
